
Microsoft Visual Studio Solution File, Format Version 12.00
# Visual Studio Version 16
VisualStudioVersion = 16.0.29009.5
MinimumVisualStudioVersion = 10.0.40219.1
Project("{FAE04EC0-301F-11D3-BF4B-00C04F79EFBC}") = "MAvha", "MAvha\MAvha.csproj", "{6E916F20-4F88-4249-995A-EA02B1A22C24}"
EndProject
Global
	GlobalSection(SolutionConfigurationPlatforms) = preSolution
		Debug|Any CPU = Debug|Any CPU
		Release|Any CPU = Release|Any CPU
	EndGlobalSection
	GlobalSection(ProjectConfigurationPlatforms) = postSolution
		{6E916F20-4F88-4249-995A-EA02B1A22C24}.Debug|Any CPU.ActiveCfg = Debug|Any CPU
		{6E916F20-4F88-4249-995A-EA02B1A22C24}.Debug|Any CPU.Build.0 = Debug|Any CPU
		{6E916F20-4F88-4249-995A-EA02B1A22C24}.Release|Any CPU.ActiveCfg = Release|Any CPU
		{6E916F20-4F88-4249-995A-EA02B1A22C24}.Release|Any CPU.Build.0 = Release|Any CPU
	EndGlobalSection
	GlobalSection(SolutionProperties) = preSolution
		HideSolutionNode = FALSE
	EndGlobalSection
	GlobalSection(ExtensibilityGlobals) = postSolution
		SolutionGuid = {2602B2EE-F4D0-44DF-AB63-73AF791E507F}
	EndGlobalSection
EndGlobal
